{
  "name": "portfolio",
  "lockfileVersion": 2,
  "requires": true,
  "packages": {
    "": {
      "dependencies": {
        "@emailjs/browser": "^3.6.2",
        "jquery": "^3.6.0",
        "path": "^0.12.7",
        "require": "^0.4.4",
        "requirejs": "^2.3.6",
        "fs": "^0.0.1-security"
      }
    },
    "node_modules/@emailjs/browser": {
      "version": "3.6.2",
      "resolved": "https://registry.npmjs.org/@emailjs/browser/-/browser-3.6.2.tgz",
      "integrity": "sha512-Swc8w+vwDX4XPy6tPegOFGSwHqNiEmEsIKbtAkqHo2WqnS0ORZUnnuZats2R3XqwfxNQD0F6RwnlVWHIMf6sCQ==",
      "engines": {
        "node": ">=14.0.0"
      }
    },
    "node_modules/inherits": {
      "version": "2.0.3",
      "license": "ISC"
    },
    "node_modules/jquery": {
      "version": "3.6.0",
      "license": "MIT"
    },
    "node_modules/path": {
      "version": "0.12.7",
      "license": "MIT",
      "dependencies": {
        "process": "^0.11.1",
        "util": "^0.10.3"
      }
    },
    "node_modules/process": {
      "version": "0.11.10",
      "license": "MIT",
      "engines": {
        "node": ">= 0.6.0"
      }
    },
    "node_modules/require": {
      "version": "0.4.4",
      "bin": {
        "require": "bin/require-command.js"
      },
      "engines": {
        "browsers": "*",
        "node": "*"
      }
    },
    "node_modules/requirejs": {
      "version": "2.3.6",
      "resolved": "https://registry.npmjs.org/requirejs/-/requirejs-2.3.6.tgz",
      "integrity": "sha512-ipEzlWQe6RK3jkzikgCupiTbTvm4S0/CAU5GlgptkN5SO6F3u0UD0K18wy6ErDqiCyP4J4YYe1HuAShvsxePLg==",
      "bin": {
        "r_js": "bin/r.js",
        "r.js": "bin/r.js"
      },
      "engines": {
        "node": ">=0.4.0"
      }
    },
    "node_modules/fs": {
      "version": "0.0.1-security",
      "resolved": "https://registry.npmjs.org/fs/-/fs-0.0.1-security.tgz",
      "integrity": "sha512-3XY9e1pP0CVEUCdj5BmfIZxRBTSDycnbqhIOGec9QYtmVH2fbLpj86CFWkrNOkt/Fvty4KZG5lTglL9j/gJ87w=="
    },
  
    "node_modules/util": {
      "version": "0.10.4",
      "license": "MIT",
      "dependencies": {
        "inherits": "2.0.3"
      }
    }
  },
  "dependencies": {
    "@emailjs/browser": {
      "version": "3.6.2",
      "resolved": "https://registry.npmjs.org/@emailjs/browser/-/browser-3.6.2.tgz",
      "integrity": "sha512-Swc8w+vwDX4XPy6tPegOFGSwHqNiEmEsIKbtAkqHo2WqnS0ORZUnnuZats2R3XqwfxNQD0F6RwnlVWHIMf6sCQ=="
    },
    "inherits": {
      "version": "2.0.3"
    },
    "jquery": {
      "version": "3.6.0"
    },
    "path": {
      "version": "0.12.7",
      "requires": {
        "process": "^0.11.1",
        "util": "^0.10.3"
      }
    },
    "process": {
      "version": "0.11.10"
    },
    "require": {
      "version": "0.4.4"
    },
    "requirejs": {
      "version": "2.3.6",
      "resolved": "https://registry.npmjs.org/requirejs/-/requirejs-2.3.6.tgz",
      "integrity": "sha512-ipEzlWQe6RK3jkzikgCupiTbTvm4S0/CAU5GlgptkN5SO6F3u0UD0K18wy6ErDqiCyP4J4YYe1HuAShvsxePLg=="
    },
    "fs": {
      "version": "0.0.1-security",
      "resolved": "https://registry.npmjs.org/fs/-/fs-0.0.1-security.tgz",
      "integrity": "sha512-3XY9e1pP0CVEUCdj5BmfIZxRBTSDycnbqhIOGec9QYtmVH2fbLpj86CFWkrNOkt/Fvty4KZG5lTglL9j/gJ87w=="
    },
    "util": {
      "version": "0.10.4",
      "requires": {
        "inherits": "2.0.3"
      }
    }
  }
}
